
Microsoft Visual Studio Solution File, Format Version 12.00
# Visual Studio Version 16
VisualStudioVersion = 16.0.32602.291
MinimumVisualStudioVersion = 10.0.40219.1
Project("{FAE04EC0-301F-11D3-BF4B-00C04F79EFBC}") = "CleanArchMvc.Application", "CleanArchMvc.Application\CleanArchMvc.Application.csproj", "{43AE716C-1163-4749-BDA9-2BEA6DC0E462}"
EndProject
Project("{FAE04EC0-301F-11D3-BF4B-00C04F79EFBC}") = "CleanArchMvc.Domain", "CleanArchMvc.Domain\CleanArchMvc.Domain.csproj", "{1C005958-5AA5-4CB8-917D-8950E685FBA6}"
EndProject
Project("{FAE04EC0-301F-11D3-BF4B-00C04F79EFBC}") = "CleanArchMvc.Infra.Data", "CleanArchMvc.Infra.Data\CleanArchMvc.Infra.Data.csproj", "{B913B61B-F8D6-46AC-AB8C-F31C5F68219D}"
EndProject
Project("{FAE04EC0-301F-11D3-BF4B-00C04F79EFBC}") = "CleanArchMvc.Infra.IoC", "CleanArchMvc.Infra.IoC\CleanArchMvc.Infra.IoC.csproj", "{0FED29B7-3B6D-4C63-8410-E89E770A0D14}"
EndProject
Project("{FAE04EC0-301F-11D3-BF4B-00C04F79EFBC}") = "CleanArchMvc.WebUI", "CleanArchMvc.WebUI\CleanArchMvc.WebUI.csproj", "{50263AAF-AEF0-4D10-80F2-1B94D17D94E9}"
EndProject
Global
	GlobalSection(SolutionConfigurationPlatforms) = preSolution
		Debug|Any CPU = Debug|Any CPU
		Release|Any CPU = Release|Any CPU
	EndGlobalSection
	GlobalSection(ProjectConfigurationPlatforms) = postSolution
		{43AE716C-1163-4749-BDA9-2BEA6DC0E462}.Debug|Any CPU.ActiveCfg = Debug|Any CPU
		{43AE716C-1163-4749-BDA9-2BEA6DC0E462}.Debug|Any CPU.Build.0 = Debug|Any CPU
		{43AE716C-1163-4749-BDA9-2BEA6DC0E462}.Release|Any CPU.ActiveCfg = Release|Any CPU
		{43AE716C-1163-4749-BDA9-2BEA6DC0E462}.Release|Any CPU.Build.0 = Release|Any CPU
		{1C005958-5AA5-4CB8-917D-8950E685FBA6}.Debug|Any CPU.ActiveCfg = Debug|Any CPU
		{1C005958-5AA5-4CB8-917D-8950E685FBA6}.Debug|Any CPU.Build.0 = Debug|Any CPU
		{1C005958-5AA5-4CB8-917D-8950E685FBA6}.Release|Any CPU.ActiveCfg = Release|Any CPU
		{1C005958-5AA5-4CB8-917D-8950E685FBA6}.Release|Any CPU.Build.0 = Release|Any CPU
		{B913B61B-F8D6-46AC-AB8C-F31C5F68219D}.Debug|Any CPU.ActiveCfg = Debug|Any CPU
		{B913B61B-F8D6-46AC-AB8C-F31C5F68219D}.Debug|Any CPU.Build.0 = Debug|Any CPU
		{B913B61B-F8D6-46AC-AB8C-F31C5F68219D}.Release|Any CPU.ActiveCfg = Release|Any CPU
		{B913B61B-F8D6-46AC-AB8C-F31C5F68219D}.Release|Any CPU.Build.0 = Release|Any CPU
		{0FED29B7-3B6D-4C63-8410-E89E770A0D14}.Debug|Any CPU.ActiveCfg = Debug|Any CPU
		{0FED29B7-3B6D-4C63-8410-E89E770A0D14}.Debug|Any CPU.Build.0 = Debug|Any CPU
		{0FED29B7-3B6D-4C63-8410-E89E770A0D14}.Release|Any CPU.ActiveCfg = Release|Any CPU
		{0FED29B7-3B6D-4C63-8410-E89E770A0D14}.Release|Any CPU.Build.0 = Release|Any CPU
		{50263AAF-AEF0-4D10-80F2-1B94D17D94E9}.Debug|Any CPU.ActiveCfg = Debug|Any CPU
		{50263AAF-AEF0-4D10-80F2-1B94D17D94E9}.Debug|Any CPU.Build.0 = Debug|Any CPU
		{50263AAF-AEF0-4D10-80F2-1B94D17D94E9}.Release|Any CPU.ActiveCfg = Release|Any CPU
		{50263AAF-AEF0-4D10-80F2-1B94D17D94E9}.Release|Any CPU.Build.0 = Release|Any CPU
	EndGlobalSection
	GlobalSection(SolutionProperties) = preSolution
		HideSolutionNode = FALSE
	EndGlobalSection
	GlobalSection(ExtensibilityGlobals) = postSolution
		SolutionGuid = {9279624F-DB9A-425E-8A4A-99E9166CD316}
	EndGlobalSection
EndGlobal
